
Microsoft Visual Studio Solution File, Format Version 12.00
# Visual Studio Version 17
VisualStudioVersion = 17.7.34202.233
MinimumVisualStudioVersion = 10.0.40219.1
Project("{FAE04EC0-301F-11D3-BF4B-00C04F79EFBC}") = "Anime Quote Generator", "Anime Quote Generator\Anime Quote Generator.csproj", "{D0BCE66E-481D-4150-A853-7BA7AADA619C}"
EndProject
Global
	GlobalSection(SolutionConfigurationPlatforms) = preSolution
		Debug|Any CPU = Debug|Any CPU
		Release|Any CPU = Release|Any CPU
	EndGlobalSection
	GlobalSection(ProjectConfigurationPlatforms) = postSolution
		{D0BCE66E-481D-4150-A853-7BA7AADA619C}.Debug|Any CPU.ActiveCfg = Debug|Any CPU
		{D0BCE66E-481D-4150-A853-7BA7AADA619C}.Debug|Any CPU.Build.0 = Debug|Any CPU
		{D0BCE66E-481D-4150-A853-7BA7AADA619C}.Release|Any CPU.ActiveCfg = Release|Any CPU
		{D0BCE66E-481D-4150-A853-7BA7AADA619C}.Release|Any CPU.Build.0 = Release|Any CPU
	EndGlobalSection
	GlobalSection(SolutionProperties) = preSolution
		HideSolutionNode = FALSE
	EndGlobalSection
	GlobalSection(ExtensibilityGlobals) = postSolution
		SolutionGuid = {5E9277C3-420E-4CD1-B1C5-782E86651311}
	EndGlobalSection
EndGlobal
